// !$*UTF8*$!
{
	archiveVersion = 1;
	classes = {
	};
	objectVersion = 56;
	objects = {

/* Begin PBXBuildFile section */
		35C5144B296915F0005E8581 /* Ex07_ButtonApp.swift in Sources */ = {isa = PBXBuildFile; fileRef = 35C5144A296915F0005E8581 /* Ex07_ButtonApp.swift */; };
		35C5144D296915F0005E8581 /* ContentView.swift in Sources */ = {isa = PBXBuildFile; fileRef = 35C5144C296915F0005E8581 /* ContentView.swift */; };
		35C5144F296915F6005E8581 /* Assets.xcassets in Resources */ = {isa = PBXBuildFile; fileRef = 35C5144E296915F6005E8581 /* Assets.xcassets */; };
		35C51452296915F6005E8581 /* Preview Assets.xcassets in Resources */ = {isa = PBXBuildFile; fileRef = 35C51451296915F6005E8581 /* Preview Assets.xcassets */; };
		35C5145C296915F6005E8581 /* Ex07_ButtonTests.swift in Sources */ = {isa = PBXBuildFile; fileRef = 35C5145B296915F6005E8581 /* Ex07_ButtonTests.swift */; };
		35C51466296915F6005E8581 /* Ex07_ButtonUITests.swift in Sources */ = {isa = PBXBuildFile; fileRef = 35C51465296915F6005E8581 /* Ex07_ButtonUITests.swift */; };
		35C51468296915F6005E8581 /* Ex07_ButtonUITestsLaunchTests.swift in Sources */ = {isa = PBXBuildFile; fileRef = 35C51467296915F6005E8581 /* Ex07_ButtonUITestsLaunchTests.swift */; };
/* End PBXBuildFile section */

/* Begin PBXContainerItemProxy section */
		35C51458296915F6005E8581 /* PBXContainerItemProxy */ = {
			isa = PBXContainerItemProxy;
			containerPortal = 35C5143F296915F0005E8581 /* Project object */;
			proxyType = 1;
			remoteGlobalIDString = 35C51446296915F0005E8581;
			remoteInfo = Ex07_Button;
		};
		35C51462296915F6005E8581 /* PBXContainerItemProxy */ = {
			isa = PBXContainerItemProxy;
			containerPortal = 35C5143F296915F0005E8581 /* Project object */;
			proxyType = 1;
			remoteGlobalIDString = 35C51446296915F0005E8581;
			remoteInfo = Ex07_Button;
		};
/* End PBXContainerItemProxy section */

/* Begin PBXFileReference section */
		35C51447296915F0005E8581 /* Ex07_Button.app */ = {isa = PBXFileReference; explicitFileType = wrapper.application; includeInIndex = 0; path = Ex07_Button.app; sourceTree = BUILT_PRODUCTS_DIR; };
		35C5144A296915F0005E8581 /* Ex07_ButtonApp.swift */ = {isa = PBXFileReference; lastKnownFileType = sourcecode.swift; path = Ex07_ButtonApp.swift; sourceTree = "<group>"; };
		35C5144C296915F0005E8581 /* ContentView.swift */ = {isa = PBXFileReference; lastKnownFileType = sourcecode.swift; path = ContentView.swift; sourceTree = "<group>"; };
		35C5144E296915F6005E8581 /* Assets.xcassets */ = {isa = PBXFileReference; lastKnownFileType = folder.assetcatalog; path = Assets.xcassets; sourceTree = "<group>"; };
		35C51451296915F6005E8581 /* Preview Assets.xcassets */ = {isa = PBXFileReference; lastKnownFileType = folder.assetcatalog; path = "Preview Assets.xcassets"; sourceTree = "<group>"; };
		35C51457296915F6005E8581 /* Ex07_ButtonTests.xctest */ = {isa = PBXFileReference; explicitFileType = wrapper.cfbundle; includeInIndex = 0; path = Ex07_ButtonTests.xctest; sourceTree = BUILT_PRODUCTS_DIR; };
		35C5145B296915F6005E8581 /* Ex07_ButtonTests.swift */ = {isa = PBXFileReference; lastKnownFileType = sourcecode.swift; path = Ex07_ButtonTests.swift; sourceTree = "<group>"; };
		35C51461296915F6005E8581 /* Ex07_ButtonUITests.xctest */ = {isa = PBXFileReference; explicitFileType = wrapper.cfbundle; includeInIndex = 0; path = Ex07_ButtonUITests.xctest; sourceTree = BUILT_PRODUCTS_DIR; };
		35C51465296915F6005E8581 /* Ex07_ButtonUITests.swift */ = {isa = PBXFileReference; lastKnownFileType = sourcecode.swift; path = Ex07_ButtonUITests.swift; sourceTree = "<group>"; };
		35C51467296915F6005E8581 /* Ex07_ButtonUITestsLaunchTests.swift */ = {isa = PBXFileReference; lastKnownFileType = sourcecode.swift; path = Ex07_ButtonUITestsLaunchTests.swift; sourceTree = "<group>"; };
/* End PBXFileReference section */

/* Begin PBXFrameworksBuildPhase section */
		35C51444296915F0005E8581 /* Frameworks */ = {
			isa = PBXFrameworksBuildPhase;
			buildActionMask = 2147483647;
			files = (
			);
			runOnlyForDeploymentPostprocessing = 0;
		};
		35C51454296915F6005E8581 /* Frameworks */ = {
			isa = PBXFrameworksBuildPhase;
			buildActionMask = 2147483647;
			files = (
			);
			runOnlyForDeploymentPostprocessing = 0;
		};
		35C5145E296915F6005E8581 /* Frameworks */ = {
			isa = PBXFrameworksBuildPhase;
			buildActionMask = 2147483647;
			files = (
			);
			runOnlyForDeploymentPostprocessing = 0;
		};
/* End PBXFrameworksBuildPhase section */

/* Begin PBXGroup section */
		35C5143E296915F0005E8581 = {
			isa = PBXGroup;
			children = (
				35C51449296915F0005E8581 /* Ex07_Button */,
				35C5145A296915F6005E8581 /* Ex07_ButtonTests */,
				35C51464296915F6005E8581 /* Ex07_ButtonUITests */,
				35C51448296915F0005E8581 /* Products */,
			);
			sourceTree = "<group>";
		};
		35C51448296915F0005E8581 /* Products */ = {
			isa = PBXGroup;
			children = (
				35C51447296915F0005E8581 /* Ex07_Button.app */,
				35C51457296915F6005E8581 /* Ex07_ButtonTests.xctest */,
				35C51461296915F6005E8581 /* Ex07_ButtonUITests.xctest */,
			);
			name = Products;
			sourceTree = "<group>";
		};
		35C51449296915F0005E8581 /* Ex07_Button */ = {
			isa = PBXGroup;
			children = (
				35C5144A296915F0005E8581 /* Ex07_ButtonApp.swift */,
				35C5144C296915F0005E8581 /* ContentView.swift */,
				35C5144E296915F6005E8581 /* Assets.xcassets */,
				35C51450296915F6005E8581 /* Preview Content */,
			);
			path = Ex07_Button;
			sourceTree = "<group>";
		};
		35C51450296915F6005E8581 /* Preview Content */ = {
			isa = PBXGroup;
			children = (
				35C51451296915F6005E8581 /* Preview Assets.xcassets */,
			);
			path = "Preview Content";
			sourceTree = "<group>";
		};
		35C5145A296915F6005E8581 /* Ex07_ButtonTests */ = {
			isa = PBXGroup;
			children = (
				35C5145B296915F6005E8581 /* Ex07_ButtonTests.swift */,
			);
			path = Ex07_ButtonTests;
			sourceTree = "<group>";
		};
		35C51464296915F6005E8581 /* Ex07_ButtonUITests */ = {
			isa = PBXGroup;
			children = (
				35C51465296915F6005E8581 /* Ex07_ButtonUITests.swift */,
				35C51467296915F6005E8581 /* Ex07_ButtonUITestsLaunchTests.swift */,
			);
			path = Ex07_ButtonUITests;
			sourceTree = "<group>";
		};
/* End PBXGroup section */

/* Begin PBXNativeTarget section */
		35C51446296915F0005E8581 /* Ex07_Button */ = {
			isa = PBXNativeTarget;
			buildConfigurationList = 35C5146B296915F6005E8581 /* Build configuration list for PBXNativeTarget "Ex07_Button" */;
			buildPhases = (
				35C51443296915F0005E8581 /* Sources */,
				35C51444296915F0005E8581 /* Frameworks */,
				35C51445296915F0005E8581 /* Resources */,
			);
			buildRules = (
			);
			dependencies = (
			);
			name = Ex07_Button;
			productName = Ex07_Button;
			productReference = 35C51447296915F0005E8581 /* Ex07_Button.app */;
			productType = "com.apple.product-type.application";
		};
		35C51456296915F6005E8581 /* Ex07_ButtonTests */ = {
			isa = PBXNativeTarget;
			buildConfigurationList = 35C5146E296915F6005E8581 /* Build configuration list for PBXNativeTarget "Ex07_ButtonTests" */;
			buildPhases = (
				35C51453296915F6005E8581 /* Sources */,
				35C51454296915F6005E8581 /* Frameworks */,
				35C51455296915F6005E8581 /* Resources */,
			);
			buildRules = (
			);
			dependencies = (
				35C51459296915F6005E8581 /* PBXTargetDependency */,
			);
			name = Ex07_ButtonTests;
			productName = Ex07_ButtonTests;
			productReference = 35C51457296915F6005E8581 /* Ex07_ButtonTests.xctest */;
			productType = "com.apple.product-type.bundle.unit-test";
		};
		35C51460296915F6005E8581 /* Ex07_ButtonUITests */ = {
			isa = PBXNativeTarget;
			buildConfigurationList = 35C51471296915F6005E8581 /* Build configuration list for PBXNativeTarget "Ex07_ButtonUITests" */;
			buildPhases = (
				35C5145D296915F6005E8581 /* Sources */,
				35C5145E296915F6005E8581 /* Frameworks */,
				35C5145F296915F6005E8581 /* Resources */,
			);
			buildRules = (
			);
			dependencies = (
				35C51463296915F6005E8581 /* PBXTargetDependency */,
			);
			name = Ex07_ButtonUITests;
			productName = Ex07_ButtonUITests;
			productReference = 35C51461296915F6005E8581 /* Ex07_ButtonUITests.xctest */;
			productType = "com.apple.product-type.bundle.ui-testing";
		};
/* End PBXNativeTarget section */

/* Begin PBXProject section */
		35C5143F296915F0005E8581 /* Project object */ = {
			isa = PBXProject;
			attributes = {
				BuildIndependentTargetsInParallel = 1;
				LastSwiftUpdateCheck = 1420;
				LastUpgradeCheck = 1420;
				TargetAttributes = {
					35C51446296915F0005E8581 = {
						CreatedOnToolsVersion = 14.2;
					};
					35C51456296915F6005E8581 = {
						CreatedOnToolsVersion = 14.2;
						TestTargetID = 35C51446296915F0005E8581;
					};
					35C51460296915F6005E8581 = {
						CreatedOnToolsVersion = 14.2;
						TestTargetID = 35C51446296915F0005E8581;
					};
				};
			};
			buildConfigurationList = 35C51442296915F0005E8581 /* Build configuration list for PBXProject "Ex07_Button" */;
			compatibilityVersion = "Xcode 14.0";
			developmentRegion = en;
			hasScannedForEncodings = 0;
			knownRegions = (
				en,
				Base,
			);
			mainGroup = 35C5143E296915F0005E8581;
			productRefGroup = 35C51448296915F0005E8581 /* Products */;
			projectDirPath = "";
			projectRoot = "";
			targets = (
				35C51446296915F0005E8581 /* Ex07_Button */,
				35C51456296915F6005E8581 /* Ex07_ButtonTests */,
				35C51460296915F6005E8581 /* Ex07_ButtonUITests */,
			);
		};
/* End PBXProject section */

/* Begin PBXResourcesBuildPhase section */
		35C51445296915F0005E8581 /* Resources */ = {
			isa = PBXResourcesBuildPhase;
			buildActionMask = 2147483647;
			files = (
				35C51452296915F6005E8581 /* Preview Assets.xcassets in Resources */,
				35C5144F296915F6005E8581 /* Assets.xcassets in Resources */,
			);
			runOnlyForDeploymentPostprocessing = 0;
		};
		35C51455296915F6005E8581 /* Resources */ = {
			isa = PBXResourcesBuildPhase;
			buildActionMask = 2147483647;
			files = (
			);
			runOnlyForDeploymentPostprocessing = 0;
		};
		35C5145F296915F6005E8581 /* Resources */ = {
			isa = PBXResourcesBuildPhase;
			buildActionMask = 2147483647;
			files = (
			);
			runOnlyForDeploymentPostprocessing = 0;
		};
/* End PBXResourcesBuildPhase section */

/* Begin PBXSourcesBuildPhase section */
		35C51443296915F0005E8581 /* Sources */ = {
			isa = PBXSourcesBuildPhase;
			buildActionMask = 2147483647;
			files = (
				35C5144D296915F0005E8581 /* ContentView.swift in Sources */,
				35C5144B296915F0005E8581 /* Ex07_ButtonApp.swift in Sources */,
			);
			runOnlyForDeploymentPostprocessing = 0;
		};
		35C51453296915F6005E8581 /* Sources */ = {
			isa = PBXSourcesBuildPhase;
			buildActionMask = 2147483647;
			files = (
				35C5145C296915F6005E8581 /* Ex07_ButtonTests.swift in Sources */,
			);
			runOnlyForDeploymentPostprocessing = 0;
		};
		35C5145D296915F6005E8581 /* Sources */ = {
			isa = PBXSourcesBuildPhase;
			buildActionMask = 2147483647;
			files = (
				35C51468296915F6005E8581 /* Ex07_ButtonUITestsLaunchTests.swift in Sources */,
				35C51466296915F6005E8581 /* Ex07_ButtonUITests.swift in Sources */,
			);
			runOnlyForDeploymentPostprocessing = 0;
		};
/* End PBXSourcesBuildPhase section */

/* Begin PBXTargetDependency section */
		35C51459296915F6005E8581 /* PBXTargetDependency */ = {
			isa = PBXTargetDependency;
			target = 35C51446296915F0005E8581 /* Ex07_Button */;
			targetProxy = 35C51458296915F6005E8581 /* PBXContainerItemProxy */;
		};
		35C51463296915F6005E8581 /* PBXTargetDependency */ = {
			isa = PBXTargetDependency;
			target = 35C51446296915F0005E8581 /* Ex07_Button */;
			targetProxy = 35C51462296915F6005E8581 /* PBXContainerItemProxy */;
		};
/* End PBXTargetDependency section */

/* Begin XCBuildConfiguration section */
		35C51469296915F6005E8581 /* Debug */ = {
			isa = XCBuildConfiguration;
			buildSettings = {
				ALWAYS_SEARCH_USER_PATHS = NO;
				CLANG_ANALYZER_NONNULL = YES;
				CLANG_ANALYZER_NUMBER_OBJECT_CONVERSION = YES_AGGRESSIVE;
				CLANG_CXX_LANGUAGE_STANDARD = "gnu++20";
				CLANG_ENABLE_MODULES = YES;
				CLANG_ENABLE_OBJC_ARC = YES;
				CLANG_ENABLE_OBJC_WEAK = YES;
				CLANG_WARN_BLOCK_CAPTURE_AUTORELEASING = YES;
				CLANG_WARN_BOOL_CONVERSION = YES;
				CLANG_WARN_COMMA = YES;
				CLANG_WARN_CONSTANT_CONVERSION = YES;
				CLANG_WARN_DEPRECATED_OBJC_IMPLEMENTATIONS = YES;
				CLANG_WARN_DIRECT_OBJC_ISA_USAGE = YES_ERROR;
				CLANG_WARN_DOCUMENTATION_COMMENTS = YES;
				CLANG_WARN_EMPTY_BODY = YES;
				CLANG_WARN_ENUM_CONVERSION = YES;
				CLANG_WARN_INFINITE_RECURSION = YES;
				CLANG_WARN_INT_CONVERSION = YES;
				CLANG_WARN_NON_LITERAL_NULL_CONVERSION = YES;
				CLANG_WARN_OBJC_IMPLICIT_RETAIN_SELF = YES;
				CLANG_WARN_OBJC_LITERAL_CONVERSION = YES;
				CLANG_WARN_OBJC_ROOT_CLASS = YES_ERROR;
				CLANG_WARN_QUOTED_INCLUDE_IN_FRAMEWORK_HEADER = YES;
				CLANG_WARN_RANGE_LOOP_ANALYSIS = YES;
				CLANG_WARN_STRICT_PROTOTYPES = YES;
				CLANG_WARN_SUSPICIOUS_MOVE = YES;
				CLANG_WARN_UNGUARDED_AVAILABILITY = YES_AGGRESSIVE;
				CLANG_WARN_UNREACHABLE_CODE = YES;
				CLANG_WARN__DUPLICATE_METHOD_MATCH = YES;
				COPY_PHASE_STRIP = NO;
				DEBUG_INFORMATION_FORMAT = dwarf;
				ENABLE_STRICT_OBJC_MSGSEND = YES;
				ENABLE_TESTABILITY = YES;
				GCC_C_LANGUAGE_STANDARD = gnu11;
				GCC_DYNAMIC_NO_PIC = NO;
				GCC_NO_COMMON_BLOCKS = YES;
				GCC_OPTIMIZATION_LEVEL = 0;
				GCC_PREPROCESSOR_DEFINITIONS = (
					"DEBUG=1",
					"$(inherited)",
				);
				GCC_WARN_64_TO_32_BIT_CONVERSION = YES;
				GCC_WARN_ABOUT_RETURN_TYPE = YES_ERROR;
				GCC_WARN_UNDECLARED_SELECTOR = YES;
				GCC_WARN_UNINITIALIZED_AUTOS = YES_AGGRESSIVE;
				GCC_WARN_UNUSED_FUNCTION = YES;
				GCC_WARN_UNUSED_VARIABLE = YES;
				IPHONEOS_DEPLOYMENT_TARGET = 16.2;
				MTL_ENABLE_DEBUG_INFO = INCLUDE_SOURCE;
				MTL_FAST_MATH = YES;
				ONLY_ACTIVE_ARCH = YES;
				SDKROOT = iphoneos;
				SWIFT_ACTIVE_COMPILATION_CONDITIONS = DEBUG;
				SWIFT_OPTIMIZATION_LEVEL = "-Onone";
			};
			name = Debug;
		};
		35C5146A296915F6005E8581 /* Release */ = {
			isa = XCBuildConfiguration;
			buildSettings = {
				ALWAYS_SEARCH_USER_PATHS = NO;
				CLANG_ANALYZER_NONNULL = YES;
				CLANG_ANALYZER_NUMBER_OBJECT_CONVERSION = YES_AGGRESSIVE;
				CLANG_CXX_LANGUAGE_STANDARD = "gnu++20";
				CLANG_ENABLE_MODULES = YES;
				CLANG_ENABLE_OBJC_ARC = YES;
				CLANG_ENABLE_OBJC_WEAK = YES;
				CLANG_WARN_BLOCK_CAPTURE_AUTORELEASING = YES;
				CLANG_WARN_BOOL_CONVERSION = YES;
				CLANG_WARN_COMMA = YES;
				CLANG_WARN_CONSTANT_CONVERSION = YES;
				CLANG_WARN_DEPRECATED_OBJC_IMPLEMENTATIONS = YES;
				CLANG_WARN_DIRECT_OBJC_ISA_USAGE = YES_ERROR;
				CLANG_WARN_DOCUMENTATION_COMMENTS = YES;
				CLANG_WARN_EMPTY_BODY = YES;
				CLANG_WARN_ENUM_CONVERSION = YES;
				CLANG_WARN_INFINITE_RECURSION = YES;
				CLANG_WARN_INT_CONVERSION = YES;
				CLANG_WARN_NON_LITERAL_NULL_CONVERSION = YES;
				CLANG_WARN_OBJC_IMPLICIT_RETAIN_SELF = YES;
				CLANG_WARN_OBJC_LITERAL_CONVERSION = YES;
				CLANG_WARN_OBJC_ROOT_CLASS = YES_ERROR;
				CLANG_WARN_QUOTED_INCLUDE_IN_FRAMEWORK_HEADER = YES;
				CLANG_WARN_RANGE_LOOP_ANALYSIS = YES;
				CLANG_WARN_STRICT_PROTOTYPES = YES;
				CLANG_WARN_SUSPICIOUS_MOVE = YES;
				CLANG_WARN_UNGUARDED_AVAILABILITY = YES_AGGRESSIVE;
				CLANG_WARN_UNREACHABLE_CODE = YES;
				CLANG_WARN__DUPLICATE_METHOD_MATCH = YES;
				COPY_PHASE_STRIP = NO;
				DEBUG_INFORMATION_FORMAT = "dwarf-with-dsym";
				ENABLE_NS_ASSERTIONS = NO;
				ENABLE_STRICT_OBJC_MSGSEND = YES;
				GCC_C_LANGUAGE_STANDARD = gnu11;
				GCC_NO_COMMON_BLOCKS = YES;
				GCC_WARN_64_TO_32_BIT_CONVERSION = YES;
				GCC_WARN_ABOUT_RETURN_TYPE = YES_ERROR;
				GCC_WARN_UNDECLARED_SELECTOR = YES;
				GCC_WARN_UNINITIALIZED_AUTOS = YES_AGGRESSIVE;
				GCC_WARN_UNUSED_FUNCTION = YES;
				GCC_WARN_UNUSED_VARIABLE = YES;
				IPHONEOS_DEPLOYMENT_TARGET = 16.2;
				MTL_ENABLE_DEBUG_INFO = NO;
				MTL_FAST_MATH = YES;
				SDKROOT = iphoneos;
				SWIFT_COMPILATION_MODE = wholemodule;
				SWIFT_OPTIMIZATION_LEVEL = "-O";
				VALIDATE_PRODUCT = YES;
			};
			name = Release;
		};
		35C5146C296915F6005E8581 /* Debug */ = {
			isa = XCBuildConfiguration;
			buildSettings = {
				ASSETCATALOG_COMPILER_APPICON_NAME = AppIcon;
				ASSETCATALOG_COMPILER_GLOBAL_ACCENT_COLOR_NAME = AccentColor;
				CODE_SIGN_STYLE = Automatic;
				CURRENT_PROJECT_VERSION = 1;
				DEVELOPMENT_ASSET_PATHS = "\"Ex07_Button/Preview Content\"";
				ENABLE_PREVIEWS = YES;
				GENERATE_INFOPLIST_FILE = YES;
				INFOPLIST_KEY_UIApplicationSceneManifest_Generation = YES;
				INFOPLIST_KEY_UIApplicationSupportsIndirectInputEvents = YES;
				INFOPLIST_KEY_UILaunchScreen_Generation = YES;
				INFOPLIST_KEY_UISupportedInterfaceOrientations_iPad = "UIInterfaceOrientationPortrait UIInterfaceOrientationPortraitUpsideDown UIInterfaceOrientationLandscapeLeft UIInterfaceOrientationLandscapeRight";
				INFOPLIST_KEY_UISupportedInterfaceOrientations_iPhone = "UIInterfaceOrientationPortrait UIInterfaceOrientationLandscapeLeft UIInterfaceOrientationLandscapeRight";
				LD_RUNPATH_SEARCH_PATHS = (
					"$(inherited)",
					"@executable_path/Frameworks",
				);
				MARKETING_VERSION = 1.0;
				PRODUCT_BUNDLE_IDENTIFIER = "e.Ex07-Button";
				PRODUCT_NAME = "$(TARGET_NAME)";
				SWIFT_EMIT_LOC_STRINGS = YES;
				SWIFT_VERSION = 5.0;
				TARGETED_DEVICE_FAMILY = "1,2";
			};
			name = Debug;
		};
		35C5146D296915F6005E8581 /* Release */ = {
			isa = XCBuildConfiguration;
			buildSettings = {
				ASSETCATALOG_COMPILER_APPICON_NAME = AppIcon;
				ASSETCATALOG_COMPILER_GLOBAL_ACCENT_COLOR_NAME = AccentColor;
				CODE_SIGN_STYLE = Automatic;
				CURRENT_PROJECT_VERSION = 1;
				DEVELOPMENT_ASSET_PATHS = "\"Ex07_Button/Preview Content\"";
				ENABLE_PREVIEWS = YES;
				GENERATE_INFOPLIST_FILE = YES;
				INFOPLIST_KEY_UIApplicationSceneManifest_Generation = YES;
				INFOPLIST_KEY_UIApplicationSupportsIndirectInputEvents = YES;
				INFOPLIST_KEY_UILaunchScreen_Generation = YES;
				INFOPLIST_KEY_UISupportedInterfaceOrientations_iPad = "UIInterfaceOrientationPortrait UIInterfaceOrientationPortraitUpsideDown UIInterfaceOrientationLandscapeLeft UIInterfaceOrientationLandscapeRight";
				INFOPLIST_KEY_UISupportedInterfaceOrientations_iPhone = "UIInterfaceOrientationPortrait UIInterfaceOrientationLandscapeLeft UIInterfaceOrientationLandscapeRight";
				LD_RUNPATH_SEARCH_PATHS = (
					"$(inherited)",
					"@executable_path/Frameworks",
				);
				MARKETING_VERSION = 1.0;
				PRODUCT_BUNDLE_IDENTIFIER = "e.Ex07-Button";
				PRODUCT_NAME = "$(TARGET_NAME)";
				SWIFT_EMIT_LOC_STRINGS = YES;
				SWIFT_VERSION = 5.0;
				TARGETED_DEVICE_FAMILY = "1,2";
			};
			name = Release;
		};
		35C5146F296915F6005E8581 /* Debug */ = {
			isa = XCBuildConfiguration;
			buildSettings = {
				ALWAYS_EMBED_SWIFT_STANDARD_LIBRARIES = YES;
				BUNDLE_LOADER = "$(TEST_HOST)";
				CODE_SIGN_STYLE = Automatic;
				CURRENT_PROJECT_VERSION = 1;
				GENERATE_INFOPLIST_FILE = YES;
				IPHONEOS_DEPLOYMENT_TARGET = 16.2;
				MARKETING_VERSION = 1.0;
				PRODUCT_BUNDLE_IDENTIFIER = "e.Ex07-ButtonTests";
				PRODUCT_NAME = "$(TARGET_NAME)";
				SWIFT_EMIT_LOC_STRINGS = NO;
				SWIFT_VERSION = 5.0;
				TARGETED_DEVICE_FAMILY = "1,2";
				TEST_HOST = "$(BUILT_PRODUCTS_DIR)/Ex07_Button.app/$(BUNDLE_EXECUTABLE_FOLDER_PATH)/Ex07_Button";
			};
			name = Debug;
		};
		35C51470296915F6005E8581 /* Release */ = {
			isa = XCBuildConfiguration;
			buildSettings = {
				ALWAYS_EMBED_SWIFT_STANDARD_LIBRARIES = YES;
				BUNDLE_LOADER = "$(TEST_HOST)";
				CODE_SIGN_STYLE = Automatic;
				CURRENT_PROJECT_VERSION = 1;
				GENERATE_INFOPLIST_FILE = YES;
				IPHONEOS_DEPLOYMENT_TARGET = 16.2;
				MARKETING_VERSION = 1.0;
				PRODUCT_BUNDLE_IDENTIFIER = "e.Ex07-ButtonTests";
				PRODUCT_NAME = "$(TARGET_NAME)";
				SWIFT_EMIT_LOC_STRINGS = NO;
				SWIFT_VERSION = 5.0;
				TARGETED_DEVICE_FAMILY = "1,2";
				TEST_HOST = "$(BUILT_PRODUCTS_DIR)/Ex07_Button.app/$(BUNDLE_EXECUTABLE_FOLDER_PATH)/Ex07_Button";
			};
			name = Release;
		};
		35C51472296915F6005E8581 /* Debug */ = {
			isa = XCBuildConfiguration;
			buildSettings = {
				ALWAYS_EMBED_SWIFT_STANDARD_LIBRARIES = YES;
				CODE_SIGN_STYLE = Automatic;
				CURRENT_PROJECT_VERSION = 1;
				GENERATE_INFOPLIST_FILE = YES;
				MARKETING_VERSION = 1.0;
				PRODUCT_BUNDLE_IDENTIFIER = "e.Ex07-ButtonUITests";
				PRODUCT_NAME = "$(TARGET_NAME)";
				SWIFT_EMIT_LOC_STRINGS = NO;
				SWIFT_VERSION = 5.0;
				TARGETED_DEVICE_FAMILY = "1,2";
				TEST_TARGET_NAME = Ex07_Button;
			};
			name = Debug;
		};
		35C51473296915F6005E8581 /* Release */ = {
			isa = XCBuildConfiguration;
			buildSettings = {
				ALWAYS_EMBED_SWIFT_STANDARD_LIBRARIES = YES;
				CODE_SIGN_STYLE = Automatic;
				CURRENT_PROJECT_VERSION = 1;
				GENERATE_INFOPLIST_FILE = YES;
				MARKETING_VERSION = 1.0;
				PRODUCT_BUNDLE_IDENTIFIER = "e.Ex07-ButtonUITests";
				PRODUCT_NAME = "$(TARGET_NAME)";
				SWIFT_EMIT_LOC_STRINGS = NO;
				SWIFT_VERSION = 5.0;
				TARGETED_DEVICE_FAMILY = "1,2";
				TEST_TARGET_NAME = Ex07_Button;
			};
			name = Release;
		};
/* End XCBuildConfiguration section */

/* Begin XCConfigurationList section */
		35C51442296915F0005E8581 /* Build configuration list for PBXProject "Ex07_Button" */ = {
			isa = XCConfigurationList;
			buildConfigurations = (
				35C51469296915F6005E8581 /* Debug */,
				35C5146A296915F6005E8581 /* Release */,
			);
			defaultConfigurationIsVisible = 0;
			defaultConfigurationName = Release;
		};
		35C5146B296915F6005E8581 /* Build configuration list for PBXNativeTarget "Ex07_Button" */ = {
			isa = XCConfigurationList;
			buildConfigurations = (
				35C5146C296915F6005E8581 /* Debug */,
				35C5146D296915F6005E8581 /* Release */,
			);
			defaultConfigurationIsVisible = 0;
			defaultConfigurationName = Release;
		};
		35C5146E296915F6005E8581 /* Build configuration list for PBXNativeTarget "Ex07_ButtonTests" */ = {
			isa = XCConfigurationList;
			buildConfigurations = (
				35C5146F296915F6005E8581 /* Debug */,
				35C51470296915F6005E8581 /* Release */,
			);
			defaultConfigurationIsVisible = 0;
			defaultConfigurationName = Release;
		};
		35C51471296915F6005E8581 /* Build configuration list for PBXNativeTarget "Ex07_ButtonUITests" */ = {
			isa = XCConfigurationList;
			buildConfigurations = (
				35C51472296915F6005E8581 /* Debug */,
				35C51473296915F6005E8581 /* Release */,
			);
			defaultConfigurationIsVisible = 0;
			defaultConfigurationName = Release;
		};
/* End XCConfigurationList section */
	};
	rootObject = 35C5143F296915F0005E8581 /* Project object */;
}
