// !$*UTF8*$!
{
	archiveVersion = 1;
	classes = {
	};
	objectVersion = 56;
	objects = {

/* Begin PBXBuildFile section */
		6589A60729724D2F00DEA56B /* Ex19_StateObjectApp.swift in Sources */ = {isa = PBXBuildFile; fileRef = 6589A60629724D2F00DEA56B /* Ex19_StateObjectApp.swift */; };
		6589A60929724D2F00DEA56B /* ContentView.swift in Sources */ = {isa = PBXBuildFile; fileRef = 6589A60829724D2F00DEA56B /* ContentView.swift */; };
		6589A60B29724D3300DEA56B /* Assets.xcassets in Resources */ = {isa = PBXBuildFile; fileRef = 6589A60A29724D3300DEA56B /* Assets.xcassets */; };
		6589A60F29724D3300DEA56B /* Preview Assets.xcassets in Resources */ = {isa = PBXBuildFile; fileRef = 6589A60E29724D3300DEA56B /* Preview Assets.xcassets */; };
		6589A61929724D3400DEA56B /* Ex19_StateObjectTests.swift in Sources */ = {isa = PBXBuildFile; fileRef = 6589A61829724D3400DEA56B /* Ex19_StateObjectTests.swift */; };
		6589A62329724D3400DEA56B /* Ex19_StateObjectUITests.swift in Sources */ = {isa = PBXBuildFile; fileRef = 6589A62229724D3400DEA56B /* Ex19_StateObjectUITests.swift */; };
		6589A62529724D3400DEA56B /* Ex19_StateObjectUITestsLaunchTests.swift in Sources */ = {isa = PBXBuildFile; fileRef = 6589A62429724D3400DEA56B /* Ex19_StateObjectUITestsLaunchTests.swift */; };
/* End PBXBuildFile section */

/* Begin PBXContainerItemProxy section */
		6589A61529724D3400DEA56B /* PBXContainerItemProxy */ = {
			isa = PBXContainerItemProxy;
			containerPortal = 6589A5FB29724D2F00DEA56B /* Project object */;
			proxyType = 1;
			remoteGlobalIDString = 6589A60229724D2F00DEA56B;
			remoteInfo = Ex19_StateObject;
		};
		6589A61F29724D3400DEA56B /* PBXContainerItemProxy */ = {
			isa = PBXContainerItemProxy;
			containerPortal = 6589A5FB29724D2F00DEA56B /* Project object */;
			proxyType = 1;
			remoteGlobalIDString = 6589A60229724D2F00DEA56B;
			remoteInfo = Ex19_StateObject;
		};
/* End PBXContainerItemProxy section */

/* Begin PBXFileReference section */
		6589A60329724D2F00DEA56B /* Ex19_StateObject.app */ = {isa = PBXFileReference; explicitFileType = wrapper.application; includeInIndex = 0; path = Ex19_StateObject.app; sourceTree = BUILT_PRODUCTS_DIR; };
		6589A60629724D2F00DEA56B /* Ex19_StateObjectApp.swift */ = {isa = PBXFileReference; lastKnownFileType = sourcecode.swift; path = Ex19_StateObjectApp.swift; sourceTree = "<group>"; };
		6589A60829724D2F00DEA56B /* ContentView.swift */ = {isa = PBXFileReference; lastKnownFileType = sourcecode.swift; path = ContentView.swift; sourceTree = "<group>"; };
		6589A60A29724D3300DEA56B /* Assets.xcassets */ = {isa = PBXFileReference; lastKnownFileType = folder.assetcatalog; path = Assets.xcassets; sourceTree = "<group>"; };
		6589A60C29724D3300DEA56B /* Ex19_StateObject.entitlements */ = {isa = PBXFileReference; lastKnownFileType = text.plist.entitlements; path = Ex19_StateObject.entitlements; sourceTree = "<group>"; };
		6589A60E29724D3300DEA56B /* Preview Assets.xcassets */ = {isa = PBXFileReference; lastKnownFileType = folder.assetcatalog; path = "Preview Assets.xcassets"; sourceTree = "<group>"; };
		6589A61429724D3400DEA56B /* Ex19_StateObjectTests.xctest */ = {isa = PBXFileReference; explicitFileType = wrapper.cfbundle; includeInIndex = 0; path = Ex19_StateObjectTests.xctest; sourceTree = BUILT_PRODUCTS_DIR; };
		6589A61829724D3400DEA56B /* Ex19_StateObjectTests.swift */ = {isa = PBXFileReference; lastKnownFileType = sourcecode.swift; path = Ex19_StateObjectTests.swift; sourceTree = "<group>"; };
		6589A61E29724D3400DEA56B /* Ex19_StateObjectUITests.xctest */ = {isa = PBXFileReference; explicitFileType = wrapper.cfbundle; includeInIndex = 0; path = Ex19_StateObjectUITests.xctest; sourceTree = BUILT_PRODUCTS_DIR; };
		6589A62229724D3400DEA56B /* Ex19_StateObjectUITests.swift */ = {isa = PBXFileReference; lastKnownFileType = sourcecode.swift; path = Ex19_StateObjectUITests.swift; sourceTree = "<group>"; };
		6589A62429724D3400DEA56B /* Ex19_StateObjectUITestsLaunchTests.swift */ = {isa = PBXFileReference; lastKnownFileType = sourcecode.swift; path = Ex19_StateObjectUITestsLaunchTests.swift; sourceTree = "<group>"; };
/* End PBXFileReference section */

/* Begin PBXFrameworksBuildPhase section */
		6589A60029724D2F00DEA56B /* Frameworks */ = {
			isa = PBXFrameworksBuildPhase;
			buildActionMask = 2147483647;
			files = (
			);
			runOnlyForDeploymentPostprocessing = 0;
		};
		6589A61129724D3400DEA56B /* Frameworks */ = {
			isa = PBXFrameworksBuildPhase;
			buildActionMask = 2147483647;
			files = (
			);
			runOnlyForDeploymentPostprocessing = 0;
		};
		6589A61B29724D3400DEA56B /* Frameworks */ = {
			isa = PBXFrameworksBuildPhase;
			buildActionMask = 2147483647;
			files = (
			);
			runOnlyForDeploymentPostprocessing = 0;
		};
/* End PBXFrameworksBuildPhase section */

/* Begin PBXGroup section */
		6589A5FA29724D2F00DEA56B = {
			isa = PBXGroup;
			children = (
				6589A60529724D2F00DEA56B /* Ex19_StateObject */,
				6589A61729724D3400DEA56B /* Ex19_StateObjectTests */,
				6589A62129724D3400DEA56B /* Ex19_StateObjectUITests */,
				6589A60429724D2F00DEA56B /* Products */,
			);
			sourceTree = "<group>";
		};
		6589A60429724D2F00DEA56B /* Products */ = {
			isa = PBXGroup;
			children = (
				6589A60329724D2F00DEA56B /* Ex19_StateObject.app */,
				6589A61429724D3400DEA56B /* Ex19_StateObjectTests.xctest */,
				6589A61E29724D3400DEA56B /* Ex19_StateObjectUITests.xctest */,
			);
			name = Products;
			sourceTree = "<group>";
		};
		6589A60529724D2F00DEA56B /* Ex19_StateObject */ = {
			isa = PBXGroup;
			children = (
				6589A60629724D2F00DEA56B /* Ex19_StateObjectApp.swift */,
				6589A60829724D2F00DEA56B /* ContentView.swift */,
				6589A60A29724D3300DEA56B /* Assets.xcassets */,
				6589A60C29724D3300DEA56B /* Ex19_StateObject.entitlements */,
				6589A60D29724D3300DEA56B /* Preview Content */,
			);
			path = Ex19_StateObject;
			sourceTree = "<group>";
		};
		6589A60D29724D3300DEA56B /* Preview Content */ = {
			isa = PBXGroup;
			children = (
				6589A60E29724D3300DEA56B /* Preview Assets.xcassets */,
			);
			path = "Preview Content";
			sourceTree = "<group>";
		};
		6589A61729724D3400DEA56B /* Ex19_StateObjectTests */ = {
			isa = PBXGroup;
			children = (
				6589A61829724D3400DEA56B /* Ex19_StateObjectTests.swift */,
			);
			path = Ex19_StateObjectTests;
			sourceTree = "<group>";
		};
		6589A62129724D3400DEA56B /* Ex19_StateObjectUITests */ = {
			isa = PBXGroup;
			children = (
				6589A62229724D3400DEA56B /* Ex19_StateObjectUITests.swift */,
				6589A62429724D3400DEA56B /* Ex19_StateObjectUITestsLaunchTests.swift */,
			);
			path = Ex19_StateObjectUITests;
			sourceTree = "<group>";
		};
/* End PBXGroup section */

/* Begin PBXNativeTarget section */
		6589A60229724D2F00DEA56B /* Ex19_StateObject */ = {
			isa = PBXNativeTarget;
			buildConfigurationList = 6589A62829724D3400DEA56B /* Build configuration list for PBXNativeTarget "Ex19_StateObject" */;
			buildPhases = (
				6589A5FF29724D2F00DEA56B /* Sources */,
				6589A60029724D2F00DEA56B /* Frameworks */,
				6589A60129724D2F00DEA56B /* Resources */,
			);
			buildRules = (
			);
			dependencies = (
			);
			name = Ex19_StateObject;
			productName = Ex19_StateObject;
			productReference = 6589A60329724D2F00DEA56B /* Ex19_StateObject.app */;
			productType = "com.apple.product-type.application";
		};
		6589A61329724D3400DEA56B /* Ex19_StateObjectTests */ = {
			isa = PBXNativeTarget;
			buildConfigurationList = 6589A62B29724D3400DEA56B /* Build configuration list for PBXNativeTarget "Ex19_StateObjectTests" */;
			buildPhases = (
				6589A61029724D3400DEA56B /* Sources */,
				6589A61129724D3400DEA56B /* Frameworks */,
				6589A61229724D3400DEA56B /* Resources */,
			);
			buildRules = (
			);
			dependencies = (
				6589A61629724D3400DEA56B /* PBXTargetDependency */,
			);
			name = Ex19_StateObjectTests;
			productName = Ex19_StateObjectTests;
			productReference = 6589A61429724D3400DEA56B /* Ex19_StateObjectTests.xctest */;
			productType = "com.apple.product-type.bundle.unit-test";
		};
		6589A61D29724D3400DEA56B /* Ex19_StateObjectUITests */ = {
			isa = PBXNativeTarget;
			buildConfigurationList = 6589A62E29724D3400DEA56B /* Build configuration list for PBXNativeTarget "Ex19_StateObjectUITests" */;
			buildPhases = (
				6589A61A29724D3400DEA56B /* Sources */,
				6589A61B29724D3400DEA56B /* Frameworks */,
				6589A61C29724D3400DEA56B /* Resources */,
			);
			buildRules = (
			);
			dependencies = (
				6589A62029724D3400DEA56B /* PBXTargetDependency */,
			);
			name = Ex19_StateObjectUITests;
			productName = Ex19_StateObjectUITests;
			productReference = 6589A61E29724D3400DEA56B /* Ex19_StateObjectUITests.xctest */;
			productType = "com.apple.product-type.bundle.ui-testing";
		};
/* End PBXNativeTarget section */

/* Begin PBXProject section */
		6589A5FB29724D2F00DEA56B /* Project object */ = {
			isa = PBXProject;
			attributes = {
				BuildIndependentTargetsInParallel = 1;
				LastSwiftUpdateCheck = 1420;
				LastUpgradeCheck = 1420;
				TargetAttributes = {
					6589A60229724D2F00DEA56B = {
						CreatedOnToolsVersion = 14.2;
					};
					6589A61329724D3400DEA56B = {
						CreatedOnToolsVersion = 14.2;
						TestTargetID = 6589A60229724D2F00DEA56B;
					};
					6589A61D29724D3400DEA56B = {
						CreatedOnToolsVersion = 14.2;
						TestTargetID = 6589A60229724D2F00DEA56B;
					};
				};
			};
			buildConfigurationList = 6589A5FE29724D2F00DEA56B /* Build configuration list for PBXProject "Ex19_StateObject" */;
			compatibilityVersion = "Xcode 14.0";
			developmentRegion = en;
			hasScannedForEncodings = 0;
			knownRegions = (
				en,
				Base,
			);
			mainGroup = 6589A5FA29724D2F00DEA56B;
			productRefGroup = 6589A60429724D2F00DEA56B /* Products */;
			projectDirPath = "";
			projectRoot = "";
			targets = (
				6589A60229724D2F00DEA56B /* Ex19_StateObject */,
				6589A61329724D3400DEA56B /* Ex19_StateObjectTests */,
				6589A61D29724D3400DEA56B /* Ex19_StateObjectUITests */,
			);
		};
/* End PBXProject section */

/* Begin PBXResourcesBuildPhase section */
		6589A60129724D2F00DEA56B /* Resources */ = {
			isa = PBXResourcesBuildPhase;
			buildActionMask = 2147483647;
			files = (
				6589A60F29724D3300DEA56B /* Preview Assets.xcassets in Resources */,
				6589A60B29724D3300DEA56B /* Assets.xcassets in Resources */,
			);
			runOnlyForDeploymentPostprocessing = 0;
		};
		6589A61229724D3400DEA56B /* Resources */ = {
			isa = PBXResourcesBuildPhase;
			buildActionMask = 2147483647;
			files = (
			);
			runOnlyForDeploymentPostprocessing = 0;
		};
		6589A61C29724D3400DEA56B /* Resources */ = {
			isa = PBXResourcesBuildPhase;
			buildActionMask = 2147483647;
			files = (
			);
			runOnlyForDeploymentPostprocessing = 0;
		};
/* End PBXResourcesBuildPhase section */

/* Begin PBXSourcesBuildPhase section */
		6589A5FF29724D2F00DEA56B /* Sources */ = {
			isa = PBXSourcesBuildPhase;
			buildActionMask = 2147483647;
			files = (
				6589A60929724D2F00DEA56B /* ContentView.swift in Sources */,
				6589A60729724D2F00DEA56B /* Ex19_StateObjectApp.swift in Sources */,
			);
			runOnlyForDeploymentPostprocessing = 0;
		};
		6589A61029724D3400DEA56B /* Sources */ = {
			isa = PBXSourcesBuildPhase;
			buildActionMask = 2147483647;
			files = (
				6589A61929724D3400DEA56B /* Ex19_StateObjectTests.swift in Sources */,
			);
			runOnlyForDeploymentPostprocessing = 0;
		};
		6589A61A29724D3400DEA56B /* Sources */ = {
			isa = PBXSourcesBuildPhase;
			buildActionMask = 2147483647;
			files = (
				6589A62529724D3400DEA56B /* Ex19_StateObjectUITestsLaunchTests.swift in Sources */,
				6589A62329724D3400DEA56B /* Ex19_StateObjectUITests.swift in Sources */,
			);
			runOnlyForDeploymentPostprocessing = 0;
		};
/* End PBXSourcesBuildPhase section */

/* Begin PBXTargetDependency section */
		6589A61629724D3400DEA56B /* PBXTargetDependency */ = {
			isa = PBXTargetDependency;
			target = 6589A60229724D2F00DEA56B /* Ex19_StateObject */;
			targetProxy = 6589A61529724D3400DEA56B /* PBXContainerItemProxy */;
		};
		6589A62029724D3400DEA56B /* PBXTargetDependency */ = {
			isa = PBXTargetDependency;
			target = 6589A60229724D2F00DEA56B /* Ex19_StateObject */;
			targetProxy = 6589A61F29724D3400DEA56B /* PBXContainerItemProxy */;
		};
/* End PBXTargetDependency section */

/* Begin XCBuildConfiguration section */
		6589A62629724D3400DEA56B /* Debug */ = {
			isa = XCBuildConfiguration;
			buildSettings = {
				ALWAYS_SEARCH_USER_PATHS = NO;
				CLANG_ANALYZER_NONNULL = YES;
				CLANG_ANALYZER_NUMBER_OBJECT_CONVERSION = YES_AGGRESSIVE;
				CLANG_CXX_LANGUAGE_STANDARD = "gnu++20";
				CLANG_ENABLE_MODULES = YES;
				CLANG_ENABLE_OBJC_ARC = YES;
				CLANG_ENABLE_OBJC_WEAK = YES;
				CLANG_WARN_BLOCK_CAPTURE_AUTORELEASING = YES;
				CLANG_WARN_BOOL_CONVERSION = YES;
				CLANG_WARN_COMMA = YES;
				CLANG_WARN_CONSTANT_CONVERSION = YES;
				CLANG_WARN_DEPRECATED_OBJC_IMPLEMENTATIONS = YES;
				CLANG_WARN_DIRECT_OBJC_ISA_USAGE = YES_ERROR;
				CLANG_WARN_DOCUMENTATION_COMMENTS = YES;
				CLANG_WARN_EMPTY_BODY = YES;
				CLANG_WARN_ENUM_CONVERSION = YES;
				CLANG_WARN_INFINITE_RECURSION = YES;
				CLANG_WARN_INT_CONVERSION = YES;
				CLANG_WARN_NON_LITERAL_NULL_CONVERSION = YES;
				CLANG_WARN_OBJC_IMPLICIT_RETAIN_SELF = YES;
				CLANG_WARN_OBJC_LITERAL_CONVERSION = YES;
				CLANG_WARN_OBJC_ROOT_CLASS = YES_ERROR;
				CLANG_WARN_QUOTED_INCLUDE_IN_FRAMEWORK_HEADER = YES;
				CLANG_WARN_RANGE_LOOP_ANALYSIS = YES;
				CLANG_WARN_STRICT_PROTOTYPES = YES;
				CLANG_WARN_SUSPICIOUS_MOVE = YES;
				CLANG_WARN_UNGUARDED_AVAILABILITY = YES_AGGRESSIVE;
				CLANG_WARN_UNREACHABLE_CODE = YES;
				CLANG_WARN__DUPLICATE_METHOD_MATCH = YES;
				COPY_PHASE_STRIP = NO;
				DEBUG_INFORMATION_FORMAT = dwarf;
				ENABLE_STRICT_OBJC_MSGSEND = YES;
				ENABLE_TESTABILITY = YES;
				GCC_C_LANGUAGE_STANDARD = gnu11;
				GCC_DYNAMIC_NO_PIC = NO;
				GCC_NO_COMMON_BLOCKS = YES;
				GCC_OPTIMIZATION_LEVEL = 0;
				GCC_PREPROCESSOR_DEFINITIONS = (
					"DEBUG=1",
					"$(inherited)",
				);
				GCC_WARN_64_TO_32_BIT_CONVERSION = YES;
				GCC_WARN_ABOUT_RETURN_TYPE = YES_ERROR;
				GCC_WARN_UNDECLARED_SELECTOR = YES;
				GCC_WARN_UNINITIALIZED_AUTOS = YES_AGGRESSIVE;
				GCC_WARN_UNUSED_FUNCTION = YES;
				GCC_WARN_UNUSED_VARIABLE = YES;
				MTL_ENABLE_DEBUG_INFO = INCLUDE_SOURCE;
				MTL_FAST_MATH = YES;
				ONLY_ACTIVE_ARCH = YES;
				SWIFT_ACTIVE_COMPILATION_CONDITIONS = DEBUG;
				SWIFT_OPTIMIZATION_LEVEL = "-Onone";
			};
			name = Debug;
		};
		6589A62729724D3400DEA56B /* Release */ = {
			isa = XCBuildConfiguration;
			buildSettings = {
				ALWAYS_SEARCH_USER_PATHS = NO;
				CLANG_ANALYZER_NONNULL = YES;
				CLANG_ANALYZER_NUMBER_OBJECT_CONVERSION = YES_AGGRESSIVE;
				CLANG_CXX_LANGUAGE_STANDARD = "gnu++20";
				CLANG_ENABLE_MODULES = YES;
				CLANG_ENABLE_OBJC_ARC = YES;
				CLANG_ENABLE_OBJC_WEAK = YES;
				CLANG_WARN_BLOCK_CAPTURE_AUTORELEASING = YES;
				CLANG_WARN_BOOL_CONVERSION = YES;
				CLANG_WARN_COMMA = YES;
				CLANG_WARN_CONSTANT_CONVERSION = YES;
				CLANG_WARN_DEPRECATED_OBJC_IMPLEMENTATIONS = YES;
				CLANG_WARN_DIRECT_OBJC_ISA_USAGE = YES_ERROR;
				CLANG_WARN_DOCUMENTATION_COMMENTS = YES;
				CLANG_WARN_EMPTY_BODY = YES;
				CLANG_WARN_ENUM_CONVERSION = YES;
				CLANG_WARN_INFINITE_RECURSION = YES;
				CLANG_WARN_INT_CONVERSION = YES;
				CLANG_WARN_NON_LITERAL_NULL_CONVERSION = YES;
				CLANG_WARN_OBJC_IMPLICIT_RETAIN_SELF = YES;
				CLANG_WARN_OBJC_LITERAL_CONVERSION = YES;
				CLANG_WARN_OBJC_ROOT_CLASS = YES_ERROR;
				CLANG_WARN_QUOTED_INCLUDE_IN_FRAMEWORK_HEADER = YES;
				CLANG_WARN_RANGE_LOOP_ANALYSIS = YES;
				CLANG_WARN_STRICT_PROTOTYPES = YES;
				CLANG_WARN_SUSPICIOUS_MOVE = YES;
				CLANG_WARN_UNGUARDED_AVAILABILITY = YES_AGGRESSIVE;
				CLANG_WARN_UNREACHABLE_CODE = YES;
				CLANG_WARN__DUPLICATE_METHOD_MATCH = YES;
				COPY_PHASE_STRIP = NO;
				DEBUG_INFORMATION_FORMAT = "dwarf-with-dsym";
				ENABLE_NS_ASSERTIONS = NO;
				ENABLE_STRICT_OBJC_MSGSEND = YES;
				GCC_C_LANGUAGE_STANDARD = gnu11;
				GCC_NO_COMMON_BLOCKS = YES;
				GCC_WARN_64_TO_32_BIT_CONVERSION = YES;
				GCC_WARN_ABOUT_RETURN_TYPE = YES_ERROR;
				GCC_WARN_UNDECLARED_SELECTOR = YES;
				GCC_WARN_UNINITIALIZED_AUTOS = YES_AGGRESSIVE;
				GCC_WARN_UNUSED_FUNCTION = YES;
				GCC_WARN_UNUSED_VARIABLE = YES;
				MTL_ENABLE_DEBUG_INFO = NO;
				MTL_FAST_MATH = YES;
				SWIFT_COMPILATION_MODE = wholemodule;
				SWIFT_OPTIMIZATION_LEVEL = "-O";
			};
			name = Release;
		};
		6589A62929724D3400DEA56B /* Debug */ = {
			isa = XCBuildConfiguration;
			buildSettings = {
				ASSETCATALOG_COMPILER_APPICON_NAME = AppIcon;
				ASSETCATALOG_COMPILER_GLOBAL_ACCENT_COLOR_NAME = AccentColor;
				CODE_SIGN_ENTITLEMENTS = Ex19_StateObject/Ex19_StateObject.entitlements;
				CODE_SIGN_STYLE = Automatic;
				CURRENT_PROJECT_VERSION = 1;
				DEVELOPMENT_ASSET_PATHS = "\"Ex19_StateObject/Preview Content\"";
				ENABLE_PREVIEWS = YES;
				GENERATE_INFOPLIST_FILE = YES;
				"INFOPLIST_KEY_UIApplicationSceneManifest_Generation[sdk=iphoneos*]" = YES;
				"INFOPLIST_KEY_UIApplicationSceneManifest_Generation[sdk=iphonesimulator*]" = YES;
				"INFOPLIST_KEY_UIApplicationSupportsIndirectInputEvents[sdk=iphoneos*]" = YES;
				"INFOPLIST_KEY_UIApplicationSupportsIndirectInputEvents[sdk=iphonesimulator*]" = YES;
				"INFOPLIST_KEY_UILaunchScreen_Generation[sdk=iphoneos*]" = YES;
				"INFOPLIST_KEY_UILaunchScreen_Generation[sdk=iphonesimulator*]" = YES;
				"INFOPLIST_KEY_UIStatusBarStyle[sdk=iphoneos*]" = UIStatusBarStyleDefault;
				"INFOPLIST_KEY_UIStatusBarStyle[sdk=iphonesimulator*]" = UIStatusBarStyleDefault;
				INFOPLIST_KEY_UISupportedInterfaceOrientations_iPad = "UIInterfaceOrientationPortrait UIInterfaceOrientationPortraitUpsideDown UIInterfaceOrientationLandscapeLeft UIInterfaceOrientationLandscapeRight";
				INFOPLIST_KEY_UISupportedInterfaceOrientations_iPhone = "UIInterfaceOrientationPortrait UIInterfaceOrientationLandscapeLeft UIInterfaceOrientationLandscapeRight";
				IPHONEOS_DEPLOYMENT_TARGET = 16.2;
				LD_RUNPATH_SEARCH_PATHS = "@executable_path/Frameworks";
				"LD_RUNPATH_SEARCH_PATHS[sdk=macosx*]" = "@executable_path/../Frameworks";
				MACOSX_DEPLOYMENT_TARGET = 13.0;
				MARKETING_VERSION = 1.0;
				PRODUCT_BUNDLE_IDENTIFIER = "jo.Ex19-StateObject";
				PRODUCT_NAME = "$(TARGET_NAME)";
				SDKROOT = auto;
				SUPPORTED_PLATFORMS = "iphoneos iphonesimulator macosx";
				SWIFT_EMIT_LOC_STRINGS = YES;
				SWIFT_VERSION = 5.0;
				TARGETED_DEVICE_FAMILY = "1,2";
			};
			name = Debug;
		};
		6589A62A29724D3400DEA56B /* Release */ = {
			isa = XCBuildConfiguration;
			buildSettings = {
				ASSETCATALOG_COMPILER_APPICON_NAME = AppIcon;
				ASSETCATALOG_COMPILER_GLOBAL_ACCENT_COLOR_NAME = AccentColor;
				CODE_SIGN_ENTITLEMENTS = Ex19_StateObject/Ex19_StateObject.entitlements;
				CODE_SIGN_STYLE = Automatic;
				CURRENT_PROJECT_VERSION = 1;
				DEVELOPMENT_ASSET_PATHS = "\"Ex19_StateObject/Preview Content\"";
				ENABLE_PREVIEWS = YES;
				GENERATE_INFOPLIST_FILE = YES;
				"INFOPLIST_KEY_UIApplicationSceneManifest_Generation[sdk=iphoneos*]" = YES;
				"INFOPLIST_KEY_UIApplicationSceneManifest_Generation[sdk=iphonesimulator*]" = YES;
				"INFOPLIST_KEY_UIApplicationSupportsIndirectInputEvents[sdk=iphoneos*]" = YES;
				"INFOPLIST_KEY_UIApplicationSupportsIndirectInputEvents[sdk=iphonesimulator*]" = YES;
				"INFOPLIST_KEY_UILaunchScreen_Generation[sdk=iphoneos*]" = YES;
				"INFOPLIST_KEY_UILaunchScreen_Generation[sdk=iphonesimulator*]" = YES;
				"INFOPLIST_KEY_UIStatusBarStyle[sdk=iphoneos*]" = UIStatusBarStyleDefault;
				"INFOPLIST_KEY_UIStatusBarStyle[sdk=iphonesimulator*]" = UIStatusBarStyleDefault;
				INFOPLIST_KEY_UISupportedInterfaceOrientations_iPad = "UIInterfaceOrientationPortrait UIInterfaceOrientationPortraitUpsideDown UIInterfaceOrientationLandscapeLeft UIInterfaceOrientationLandscapeRight";
				INFOPLIST_KEY_UISupportedInterfaceOrientations_iPhone = "UIInterfaceOrientationPortrait UIInterfaceOrientationLandscapeLeft UIInterfaceOrientationLandscapeRight";
				IPHONEOS_DEPLOYMENT_TARGET = 16.2;
				LD_RUNPATH_SEARCH_PATHS = "@executable_path/Frameworks";
				"LD_RUNPATH_SEARCH_PATHS[sdk=macosx*]" = "@executable_path/../Frameworks";
				MACOSX_DEPLOYMENT_TARGET = 13.0;
				MARKETING_VERSION = 1.0;
				PRODUCT_BUNDLE_IDENTIFIER = "jo.Ex19-StateObject";
				PRODUCT_NAME = "$(TARGET_NAME)";
				SDKROOT = auto;
				SUPPORTED_PLATFORMS = "iphoneos iphonesimulator macosx";
				SWIFT_EMIT_LOC_STRINGS = YES;
				SWIFT_VERSION = 5.0;
				TARGETED_DEVICE_FAMILY = "1,2";
			};
			name = Release;
		};
		6589A62C29724D3400DEA56B /* Debug */ = {
			isa = XCBuildConfiguration;
			buildSettings = {
				ALWAYS_EMBED_SWIFT_STANDARD_LIBRARIES = YES;
				BUNDLE_LOADER = "$(TEST_HOST)";
				CODE_SIGN_STYLE = Automatic;
				CURRENT_PROJECT_VERSION = 1;
				GENERATE_INFOPLIST_FILE = YES;
				IPHONEOS_DEPLOYMENT_TARGET = 16.2;
				MACOSX_DEPLOYMENT_TARGET = 13.0;
				MARKETING_VERSION = 1.0;
				PRODUCT_BUNDLE_IDENTIFIER = "jo.Ex19-StateObjectTests";
				PRODUCT_NAME = "$(TARGET_NAME)";
				SDKROOT = auto;
				SUPPORTED_PLATFORMS = "iphoneos iphonesimulator macosx";
				SWIFT_EMIT_LOC_STRINGS = NO;
				SWIFT_VERSION = 5.0;
				TARGETED_DEVICE_FAMILY = "1,2";
				TEST_HOST = "$(BUILT_PRODUCTS_DIR)/Ex19_StateObject.app/$(BUNDLE_EXECUTABLE_FOLDER_PATH)/Ex19_StateObject";
			};
			name = Debug;
		};
		6589A62D29724D3400DEA56B /* Release */ = {
			isa = XCBuildConfiguration;
			buildSettings = {
				ALWAYS_EMBED_SWIFT_STANDARD_LIBRARIES = YES;
				BUNDLE_LOADER = "$(TEST_HOST)";
				CODE_SIGN_STYLE = Automatic;
				CURRENT_PROJECT_VERSION = 1;
				GENERATE_INFOPLIST_FILE = YES;
				IPHONEOS_DEPLOYMENT_TARGET = 16.2;
				MACOSX_DEPLOYMENT_TARGET = 13.0;
				MARKETING_VERSION = 1.0;
				PRODUCT_BUNDLE_IDENTIFIER = "jo.Ex19-StateObjectTests";
				PRODUCT_NAME = "$(TARGET_NAME)";
				SDKROOT = auto;
				SUPPORTED_PLATFORMS = "iphoneos iphonesimulator macosx";
				SWIFT_EMIT_LOC_STRINGS = NO;
				SWIFT_VERSION = 5.0;
				TARGETED_DEVICE_FAMILY = "1,2";
				TEST_HOST = "$(BUILT_PRODUCTS_DIR)/Ex19_StateObject.app/$(BUNDLE_EXECUTABLE_FOLDER_PATH)/Ex19_StateObject";
			};
			name = Release;
		};
		6589A62F29724D3400DEA56B /* Debug */ = {
			isa = XCBuildConfiguration;
			buildSettings = {
				ALWAYS_EMBED_SWIFT_STANDARD_LIBRARIES = YES;
				CODE_SIGN_STYLE = Automatic;
				CURRENT_PROJECT_VERSION = 1;
				GENERATE_INFOPLIST_FILE = YES;
				IPHONEOS_DEPLOYMENT_TARGET = 16.2;
				MACOSX_DEPLOYMENT_TARGET = 13.0;
				MARKETING_VERSION = 1.0;
				PRODUCT_BUNDLE_IDENTIFIER = "jo.Ex19-StateObjectUITests";
				PRODUCT_NAME = "$(TARGET_NAME)";
				SDKROOT = auto;
				SUPPORTED_PLATFORMS = "iphoneos iphonesimulator macosx";
				SWIFT_EMIT_LOC_STRINGS = NO;
				SWIFT_VERSION = 5.0;
				TARGETED_DEVICE_FAMILY = "1,2";
				TEST_TARGET_NAME = Ex19_StateObject;
			};
			name = Debug;
		};
		6589A63029724D3400DEA56B /* Release */ = {
			isa = XCBuildConfiguration;
			buildSettings = {
				ALWAYS_EMBED_SWIFT_STANDARD_LIBRARIES = YES;
				CODE_SIGN_STYLE = Automatic;
				CURRENT_PROJECT_VERSION = 1;
				GENERATE_INFOPLIST_FILE = YES;
				IPHONEOS_DEPLOYMENT_TARGET = 16.2;
				MACOSX_DEPLOYMENT_TARGET = 13.0;
				MARKETING_VERSION = 1.0;
				PRODUCT_BUNDLE_IDENTIFIER = "jo.Ex19-StateObjectUITests";
				PRODUCT_NAME = "$(TARGET_NAME)";
				SDKROOT = auto;
				SUPPORTED_PLATFORMS = "iphoneos iphonesimulator macosx";
				SWIFT_EMIT_LOC_STRINGS = NO;
				SWIFT_VERSION = 5.0;
				TARGETED_DEVICE_FAMILY = "1,2";
				TEST_TARGET_NAME = Ex19_StateObject;
			};
			name = Release;
		};
/* End XCBuildConfiguration section */

/* Begin XCConfigurationList section */
		6589A5FE29724D2F00DEA56B /* Build configuration list for PBXProject "Ex19_StateObject" */ = {
			isa = XCConfigurationList;
			buildConfigurations = (
				6589A62629724D3400DEA56B /* Debug */,
				6589A62729724D3400DEA56B /* Release */,
			);
			defaultConfigurationIsVisible = 0;
			defaultConfigurationName = Release;
		};
		6589A62829724D3400DEA56B /* Build configuration list for PBXNativeTarget "Ex19_StateObject" */ = {
			isa = XCConfigurationList;
			buildConfigurations = (
				6589A62929724D3400DEA56B /* Debug */,
				6589A62A29724D3400DEA56B /* Release */,
			);
			defaultConfigurationIsVisible = 0;
			defaultConfigurationName = Release;
		};
		6589A62B29724D3400DEA56B /* Build configuration list for PBXNativeTarget "Ex19_StateObjectTests" */ = {
			isa = XCConfigurationList;
			buildConfigurations = (
				6589A62C29724D3400DEA56B /* Debug */,
				6589A62D29724D3400DEA56B /* Release */,
			);
			defaultConfigurationIsVisible = 0;
			defaultConfigurationName = Release;
		};
		6589A62E29724D3400DEA56B /* Build configuration list for PBXNativeTarget "Ex19_StateObjectUITests" */ = {
			isa = XCConfigurationList;
			buildConfigurations = (
				6589A62F29724D3400DEA56B /* Debug */,
				6589A63029724D3400DEA56B /* Release */,
			);
			defaultConfigurationIsVisible = 0;
			defaultConfigurationName = Release;
		};
/* End XCConfigurationList section */
	};
	rootObject = 6589A5FB29724D2F00DEA56B /* Project object */;
}
