// !$*UTF8*$!
{
	archiveVersion = 1;
	classes = {
	};
	objectVersion = 56;
	objects = {

/* Begin PBXBuildFile section */
		6589A56029723CD400DEA56B /* Ex16_StateBindingApp.swift in Sources */ = {isa = PBXBuildFile; fileRef = 6589A55F29723CD400DEA56B /* Ex16_StateBindingApp.swift */; };
		6589A56229723CD400DEA56B /* ContentView.swift in Sources */ = {isa = PBXBuildFile; fileRef = 6589A56129723CD400DEA56B /* ContentView.swift */; };
		6589A56429723CDB00DEA56B /* Assets.xcassets in Resources */ = {isa = PBXBuildFile; fileRef = 6589A56329723CDB00DEA56B /* Assets.xcassets */; };
		6589A56829723CDB00DEA56B /* Preview Assets.xcassets in Resources */ = {isa = PBXBuildFile; fileRef = 6589A56729723CDB00DEA56B /* Preview Assets.xcassets */; };
		6589A57229723CDC00DEA56B /* Ex16_StateBindingTests.swift in Sources */ = {isa = PBXBuildFile; fileRef = 6589A57129723CDC00DEA56B /* Ex16_StateBindingTests.swift */; };
		6589A57C29723CDC00DEA56B /* Ex16_StateBindingUITests.swift in Sources */ = {isa = PBXBuildFile; fileRef = 6589A57B29723CDC00DEA56B /* Ex16_StateBindingUITests.swift */; };
		6589A57E29723CDC00DEA56B /* Ex16_StateBindingUITestsLaunchTests.swift in Sources */ = {isa = PBXBuildFile; fileRef = 6589A57D29723CDC00DEA56B /* Ex16_StateBindingUITestsLaunchTests.swift */; };
/* End PBXBuildFile section */

/* Begin PBXContainerItemProxy section */
		6589A56E29723CDC00DEA56B /* PBXContainerItemProxy */ = {
			isa = PBXContainerItemProxy;
			containerPortal = 6589A55429723CD300DEA56B /* Project object */;
			proxyType = 1;
			remoteGlobalIDString = 6589A55B29723CD300DEA56B;
			remoteInfo = Ex16_StateBinding;
		};
		6589A57829723CDC00DEA56B /* PBXContainerItemProxy */ = {
			isa = PBXContainerItemProxy;
			containerPortal = 6589A55429723CD300DEA56B /* Project object */;
			proxyType = 1;
			remoteGlobalIDString = 6589A55B29723CD300DEA56B;
			remoteInfo = Ex16_StateBinding;
		};
/* End PBXContainerItemProxy section */

/* Begin PBXFileReference section */
		6589A55C29723CD300DEA56B /* Ex16_StateBinding.app */ = {isa = PBXFileReference; explicitFileType = wrapper.application; includeInIndex = 0; path = Ex16_StateBinding.app; sourceTree = BUILT_PRODUCTS_DIR; };
		6589A55F29723CD400DEA56B /* Ex16_StateBindingApp.swift */ = {isa = PBXFileReference; lastKnownFileType = sourcecode.swift; path = Ex16_StateBindingApp.swift; sourceTree = "<group>"; };
		6589A56129723CD400DEA56B /* ContentView.swift */ = {isa = PBXFileReference; lastKnownFileType = sourcecode.swift; path = ContentView.swift; sourceTree = "<group>"; };
		6589A56329723CDB00DEA56B /* Assets.xcassets */ = {isa = PBXFileReference; lastKnownFileType = folder.assetcatalog; path = Assets.xcassets; sourceTree = "<group>"; };
		6589A56529723CDB00DEA56B /* Ex16_StateBinding.entitlements */ = {isa = PBXFileReference; lastKnownFileType = text.plist.entitlements; path = Ex16_StateBinding.entitlements; sourceTree = "<group>"; };
		6589A56729723CDB00DEA56B /* Preview Assets.xcassets */ = {isa = PBXFileReference; lastKnownFileType = folder.assetcatalog; path = "Preview Assets.xcassets"; sourceTree = "<group>"; };
		6589A56D29723CDC00DEA56B /* Ex16_StateBindingTests.xctest */ = {isa = PBXFileReference; explicitFileType = wrapper.cfbundle; includeInIndex = 0; path = Ex16_StateBindingTests.xctest; sourceTree = BUILT_PRODUCTS_DIR; };
		6589A57129723CDC00DEA56B /* Ex16_StateBindingTests.swift */ = {isa = PBXFileReference; lastKnownFileType = sourcecode.swift; path = Ex16_StateBindingTests.swift; sourceTree = "<group>"; };
		6589A57729723CDC00DEA56B /* Ex16_StateBindingUITests.xctest */ = {isa = PBXFileReference; explicitFileType = wrapper.cfbundle; includeInIndex = 0; path = Ex16_StateBindingUITests.xctest; sourceTree = BUILT_PRODUCTS_DIR; };
		6589A57B29723CDC00DEA56B /* Ex16_StateBindingUITests.swift */ = {isa = PBXFileReference; lastKnownFileType = sourcecode.swift; path = Ex16_StateBindingUITests.swift; sourceTree = "<group>"; };
		6589A57D29723CDC00DEA56B /* Ex16_StateBindingUITestsLaunchTests.swift */ = {isa = PBXFileReference; lastKnownFileType = sourcecode.swift; path = Ex16_StateBindingUITestsLaunchTests.swift; sourceTree = "<group>"; };
/* End PBXFileReference section */

/* Begin PBXFrameworksBuildPhase section */
		6589A55929723CD300DEA56B /* Frameworks */ = {
			isa = PBXFrameworksBuildPhase;
			buildActionMask = 2147483647;
			files = (
			);
			runOnlyForDeploymentPostprocessing = 0;
		};
		6589A56A29723CDC00DEA56B /* Frameworks */ = {
			isa = PBXFrameworksBuildPhase;
			buildActionMask = 2147483647;
			files = (
			);
			runOnlyForDeploymentPostprocessing = 0;
		};
		6589A57429723CDC00DEA56B /* Frameworks */ = {
			isa = PBXFrameworksBuildPhase;
			buildActionMask = 2147483647;
			files = (
			);
			runOnlyForDeploymentPostprocessing = 0;
		};
/* End PBXFrameworksBuildPhase section */

/* Begin PBXGroup section */
		6589A55329723CD300DEA56B = {
			isa = PBXGroup;
			children = (
				6589A55E29723CD300DEA56B /* Ex16_StateBinding */,
				6589A57029723CDC00DEA56B /* Ex16_StateBindingTests */,
				6589A57A29723CDC00DEA56B /* Ex16_StateBindingUITests */,
				6589A55D29723CD300DEA56B /* Products */,
			);
			sourceTree = "<group>";
		};
		6589A55D29723CD300DEA56B /* Products */ = {
			isa = PBXGroup;
			children = (
				6589A55C29723CD300DEA56B /* Ex16_StateBinding.app */,
				6589A56D29723CDC00DEA56B /* Ex16_StateBindingTests.xctest */,
				6589A57729723CDC00DEA56B /* Ex16_StateBindingUITests.xctest */,
			);
			name = Products;
			sourceTree = "<group>";
		};
		6589A55E29723CD300DEA56B /* Ex16_StateBinding */ = {
			isa = PBXGroup;
			children = (
				6589A55F29723CD400DEA56B /* Ex16_StateBindingApp.swift */,
				6589A56129723CD400DEA56B /* ContentView.swift */,
				6589A56329723CDB00DEA56B /* Assets.xcassets */,
				6589A56529723CDB00DEA56B /* Ex16_StateBinding.entitlements */,
				6589A56629723CDB00DEA56B /* Preview Content */,
			);
			path = Ex16_StateBinding;
			sourceTree = "<group>";
		};
		6589A56629723CDB00DEA56B /* Preview Content */ = {
			isa = PBXGroup;
			children = (
				6589A56729723CDB00DEA56B /* Preview Assets.xcassets */,
			);
			path = "Preview Content";
			sourceTree = "<group>";
		};
		6589A57029723CDC00DEA56B /* Ex16_StateBindingTests */ = {
			isa = PBXGroup;
			children = (
				6589A57129723CDC00DEA56B /* Ex16_StateBindingTests.swift */,
			);
			path = Ex16_StateBindingTests;
			sourceTree = "<group>";
		};
		6589A57A29723CDC00DEA56B /* Ex16_StateBindingUITests */ = {
			isa = PBXGroup;
			children = (
				6589A57B29723CDC00DEA56B /* Ex16_StateBindingUITests.swift */,
				6589A57D29723CDC00DEA56B /* Ex16_StateBindingUITestsLaunchTests.swift */,
			);
			path = Ex16_StateBindingUITests;
			sourceTree = "<group>";
		};
/* End PBXGroup section */

/* Begin PBXNativeTarget section */
		6589A55B29723CD300DEA56B /* Ex16_StateBinding */ = {
			isa = PBXNativeTarget;
			buildConfigurationList = 6589A58129723CDC00DEA56B /* Build configuration list for PBXNativeTarget "Ex16_StateBinding" */;
			buildPhases = (
				6589A55829723CD300DEA56B /* Sources */,
				6589A55929723CD300DEA56B /* Frameworks */,
				6589A55A29723CD300DEA56B /* Resources */,
			);
			buildRules = (
			);
			dependencies = (
			);
			name = Ex16_StateBinding;
			productName = Ex16_StateBinding;
			productReference = 6589A55C29723CD300DEA56B /* Ex16_StateBinding.app */;
			productType = "com.apple.product-type.application";
		};
		6589A56C29723CDC00DEA56B /* Ex16_StateBindingTests */ = {
			isa = PBXNativeTarget;
			buildConfigurationList = 6589A58429723CDC00DEA56B /* Build configuration list for PBXNativeTarget "Ex16_StateBindingTests" */;
			buildPhases = (
				6589A56929723CDC00DEA56B /* Sources */,
				6589A56A29723CDC00DEA56B /* Frameworks */,
				6589A56B29723CDC00DEA56B /* Resources */,
			);
			buildRules = (
			);
			dependencies = (
				6589A56F29723CDC00DEA56B /* PBXTargetDependency */,
			);
			name = Ex16_StateBindingTests;
			productName = Ex16_StateBindingTests;
			productReference = 6589A56D29723CDC00DEA56B /* Ex16_StateBindingTests.xctest */;
			productType = "com.apple.product-type.bundle.unit-test";
		};
		6589A57629723CDC00DEA56B /* Ex16_StateBindingUITests */ = {
			isa = PBXNativeTarget;
			buildConfigurationList = 6589A58729723CDC00DEA56B /* Build configuration list for PBXNativeTarget "Ex16_StateBindingUITests" */;
			buildPhases = (
				6589A57329723CDC00DEA56B /* Sources */,
				6589A57429723CDC00DEA56B /* Frameworks */,
				6589A57529723CDC00DEA56B /* Resources */,
			);
			buildRules = (
			);
			dependencies = (
				6589A57929723CDC00DEA56B /* PBXTargetDependency */,
			);
			name = Ex16_StateBindingUITests;
			productName = Ex16_StateBindingUITests;
			productReference = 6589A57729723CDC00DEA56B /* Ex16_StateBindingUITests.xctest */;
			productType = "com.apple.product-type.bundle.ui-testing";
		};
/* End PBXNativeTarget section */

/* Begin PBXProject section */
		6589A55429723CD300DEA56B /* Project object */ = {
			isa = PBXProject;
			attributes = {
				BuildIndependentTargetsInParallel = 1;
				LastSwiftUpdateCheck = 1420;
				LastUpgradeCheck = 1420;
				TargetAttributes = {
					6589A55B29723CD300DEA56B = {
						CreatedOnToolsVersion = 14.2;
					};
					6589A56C29723CDC00DEA56B = {
						CreatedOnToolsVersion = 14.2;
						TestTargetID = 6589A55B29723CD300DEA56B;
					};
					6589A57629723CDC00DEA56B = {
						CreatedOnToolsVersion = 14.2;
						TestTargetID = 6589A55B29723CD300DEA56B;
					};
				};
			};
			buildConfigurationList = 6589A55729723CD300DEA56B /* Build configuration list for PBXProject "Ex16_StateBinding" */;
			compatibilityVersion = "Xcode 14.0";
			developmentRegion = en;
			hasScannedForEncodings = 0;
			knownRegions = (
				en,
				Base,
			);
			mainGroup = 6589A55329723CD300DEA56B;
			productRefGroup = 6589A55D29723CD300DEA56B /* Products */;
			projectDirPath = "";
			projectRoot = "";
			targets = (
				6589A55B29723CD300DEA56B /* Ex16_StateBinding */,
				6589A56C29723CDC00DEA56B /* Ex16_StateBindingTests */,
				6589A57629723CDC00DEA56B /* Ex16_StateBindingUITests */,
			);
		};
/* End PBXProject section */

/* Begin PBXResourcesBuildPhase section */
		6589A55A29723CD300DEA56B /* Resources */ = {
			isa = PBXResourcesBuildPhase;
			buildActionMask = 2147483647;
			files = (
				6589A56829723CDB00DEA56B /* Preview Assets.xcassets in Resources */,
				6589A56429723CDB00DEA56B /* Assets.xcassets in Resources */,
			);
			runOnlyForDeploymentPostprocessing = 0;
		};
		6589A56B29723CDC00DEA56B /* Resources */ = {
			isa = PBXResourcesBuildPhase;
			buildActionMask = 2147483647;
			files = (
			);
			runOnlyForDeploymentPostprocessing = 0;
		};
		6589A57529723CDC00DEA56B /* Resources */ = {
			isa = PBXResourcesBuildPhase;
			buildActionMask = 2147483647;
			files = (
			);
			runOnlyForDeploymentPostprocessing = 0;
		};
/* End PBXResourcesBuildPhase section */

/* Begin PBXSourcesBuildPhase section */
		6589A55829723CD300DEA56B /* Sources */ = {
			isa = PBXSourcesBuildPhase;
			buildActionMask = 2147483647;
			files = (
				6589A56229723CD400DEA56B /* ContentView.swift in Sources */,
				6589A56029723CD400DEA56B /* Ex16_StateBindingApp.swift in Sources */,
			);
			runOnlyForDeploymentPostprocessing = 0;
		};
		6589A56929723CDC00DEA56B /* Sources */ = {
			isa = PBXSourcesBuildPhase;
			buildActionMask = 2147483647;
			files = (
				6589A57229723CDC00DEA56B /* Ex16_StateBindingTests.swift in Sources */,
			);
			runOnlyForDeploymentPostprocessing = 0;
		};
		6589A57329723CDC00DEA56B /* Sources */ = {
			isa = PBXSourcesBuildPhase;
			buildActionMask = 2147483647;
			files = (
				6589A57E29723CDC00DEA56B /* Ex16_StateBindingUITestsLaunchTests.swift in Sources */,
				6589A57C29723CDC00DEA56B /* Ex16_StateBindingUITests.swift in Sources */,
			);
			runOnlyForDeploymentPostprocessing = 0;
		};
/* End PBXSourcesBuildPhase section */

/* Begin PBXTargetDependency section */
		6589A56F29723CDC00DEA56B /* PBXTargetDependency */ = {
			isa = PBXTargetDependency;
			target = 6589A55B29723CD300DEA56B /* Ex16_StateBinding */;
			targetProxy = 6589A56E29723CDC00DEA56B /* PBXContainerItemProxy */;
		};
		6589A57929723CDC00DEA56B /* PBXTargetDependency */ = {
			isa = PBXTargetDependency;
			target = 6589A55B29723CD300DEA56B /* Ex16_StateBinding */;
			targetProxy = 6589A57829723CDC00DEA56B /* PBXContainerItemProxy */;
		};
/* End PBXTargetDependency section */

/* Begin XCBuildConfiguration section */
		6589A57F29723CDC00DEA56B /* Debug */ = {
			isa = XCBuildConfiguration;
			buildSettings = {
				ALWAYS_SEARCH_USER_PATHS = NO;
				CLANG_ANALYZER_NONNULL = YES;
				CLANG_ANALYZER_NUMBER_OBJECT_CONVERSION = YES_AGGRESSIVE;
				CLANG_CXX_LANGUAGE_STANDARD = "gnu++20";
				CLANG_ENABLE_MODULES = YES;
				CLANG_ENABLE_OBJC_ARC = YES;
				CLANG_ENABLE_OBJC_WEAK = YES;
				CLANG_WARN_BLOCK_CAPTURE_AUTORELEASING = YES;
				CLANG_WARN_BOOL_CONVERSION = YES;
				CLANG_WARN_COMMA = YES;
				CLANG_WARN_CONSTANT_CONVERSION = YES;
				CLANG_WARN_DEPRECATED_OBJC_IMPLEMENTATIONS = YES;
				CLANG_WARN_DIRECT_OBJC_ISA_USAGE = YES_ERROR;
				CLANG_WARN_DOCUMENTATION_COMMENTS = YES;
				CLANG_WARN_EMPTY_BODY = YES;
				CLANG_WARN_ENUM_CONVERSION = YES;
				CLANG_WARN_INFINITE_RECURSION = YES;
				CLANG_WARN_INT_CONVERSION = YES;
				CLANG_WARN_NON_LITERAL_NULL_CONVERSION = YES;
				CLANG_WARN_OBJC_IMPLICIT_RETAIN_SELF = YES;
				CLANG_WARN_OBJC_LITERAL_CONVERSION = YES;
				CLANG_WARN_OBJC_ROOT_CLASS = YES_ERROR;
				CLANG_WARN_QUOTED_INCLUDE_IN_FRAMEWORK_HEADER = YES;
				CLANG_WARN_RANGE_LOOP_ANALYSIS = YES;
				CLANG_WARN_STRICT_PROTOTYPES = YES;
				CLANG_WARN_SUSPICIOUS_MOVE = YES;
				CLANG_WARN_UNGUARDED_AVAILABILITY = YES_AGGRESSIVE;
				CLANG_WARN_UNREACHABLE_CODE = YES;
				CLANG_WARN__DUPLICATE_METHOD_MATCH = YES;
				COPY_PHASE_STRIP = NO;
				DEBUG_INFORMATION_FORMAT = dwarf;
				ENABLE_STRICT_OBJC_MSGSEND = YES;
				ENABLE_TESTABILITY = YES;
				GCC_C_LANGUAGE_STANDARD = gnu11;
				GCC_DYNAMIC_NO_PIC = NO;
				GCC_NO_COMMON_BLOCKS = YES;
				GCC_OPTIMIZATION_LEVEL = 0;
				GCC_PREPROCESSOR_DEFINITIONS = (
					"DEBUG=1",
					"$(inherited)",
				);
				GCC_WARN_64_TO_32_BIT_CONVERSION = YES;
				GCC_WARN_ABOUT_RETURN_TYPE = YES_ERROR;
				GCC_WARN_UNDECLARED_SELECTOR = YES;
				GCC_WARN_UNINITIALIZED_AUTOS = YES_AGGRESSIVE;
				GCC_WARN_UNUSED_FUNCTION = YES;
				GCC_WARN_UNUSED_VARIABLE = YES;
				MTL_ENABLE_DEBUG_INFO = INCLUDE_SOURCE;
				MTL_FAST_MATH = YES;
				ONLY_ACTIVE_ARCH = YES;
				SWIFT_ACTIVE_COMPILATION_CONDITIONS = DEBUG;
				SWIFT_OPTIMIZATION_LEVEL = "-Onone";
			};
			name = Debug;
		};
		6589A58029723CDC00DEA56B /* Release */ = {
			isa = XCBuildConfiguration;
			buildSettings = {
				ALWAYS_SEARCH_USER_PATHS = NO;
				CLANG_ANALYZER_NONNULL = YES;
				CLANG_ANALYZER_NUMBER_OBJECT_CONVERSION = YES_AGGRESSIVE;
				CLANG_CXX_LANGUAGE_STANDARD = "gnu++20";
				CLANG_ENABLE_MODULES = YES;
				CLANG_ENABLE_OBJC_ARC = YES;
				CLANG_ENABLE_OBJC_WEAK = YES;
				CLANG_WARN_BLOCK_CAPTURE_AUTORELEASING = YES;
				CLANG_WARN_BOOL_CONVERSION = YES;
				CLANG_WARN_COMMA = YES;
				CLANG_WARN_CONSTANT_CONVERSION = YES;
				CLANG_WARN_DEPRECATED_OBJC_IMPLEMENTATIONS = YES;
				CLANG_WARN_DIRECT_OBJC_ISA_USAGE = YES_ERROR;
				CLANG_WARN_DOCUMENTATION_COMMENTS = YES;
				CLANG_WARN_EMPTY_BODY = YES;
				CLANG_WARN_ENUM_CONVERSION = YES;
				CLANG_WARN_INFINITE_RECURSION = YES;
				CLANG_WARN_INT_CONVERSION = YES;
				CLANG_WARN_NON_LITERAL_NULL_CONVERSION = YES;
				CLANG_WARN_OBJC_IMPLICIT_RETAIN_SELF = YES;
				CLANG_WARN_OBJC_LITERAL_CONVERSION = YES;
				CLANG_WARN_OBJC_ROOT_CLASS = YES_ERROR;
				CLANG_WARN_QUOTED_INCLUDE_IN_FRAMEWORK_HEADER = YES;
				CLANG_WARN_RANGE_LOOP_ANALYSIS = YES;
				CLANG_WARN_STRICT_PROTOTYPES = YES;
				CLANG_WARN_SUSPICIOUS_MOVE = YES;
				CLANG_WARN_UNGUARDED_AVAILABILITY = YES_AGGRESSIVE;
				CLANG_WARN_UNREACHABLE_CODE = YES;
				CLANG_WARN__DUPLICATE_METHOD_MATCH = YES;
				COPY_PHASE_STRIP = NO;
				DEBUG_INFORMATION_FORMAT = "dwarf-with-dsym";
				ENABLE_NS_ASSERTIONS = NO;
				ENABLE_STRICT_OBJC_MSGSEND = YES;
				GCC_C_LANGUAGE_STANDARD = gnu11;
				GCC_NO_COMMON_BLOCKS = YES;
				GCC_WARN_64_TO_32_BIT_CONVERSION = YES;
				GCC_WARN_ABOUT_RETURN_TYPE = YES_ERROR;
				GCC_WARN_UNDECLARED_SELECTOR = YES;
				GCC_WARN_UNINITIALIZED_AUTOS = YES_AGGRESSIVE;
				GCC_WARN_UNUSED_FUNCTION = YES;
				GCC_WARN_UNUSED_VARIABLE = YES;
				MTL_ENABLE_DEBUG_INFO = NO;
				MTL_FAST_MATH = YES;
				SWIFT_COMPILATION_MODE = wholemodule;
				SWIFT_OPTIMIZATION_LEVEL = "-O";
			};
			name = Release;
		};
		6589A58229723CDC00DEA56B /* Debug */ = {
			isa = XCBuildConfiguration;
			buildSettings = {
				ASSETCATALOG_COMPILER_APPICON_NAME = AppIcon;
				ASSETCATALOG_COMPILER_GLOBAL_ACCENT_COLOR_NAME = AccentColor;
				CODE_SIGN_ENTITLEMENTS = Ex16_StateBinding/Ex16_StateBinding.entitlements;
				CODE_SIGN_STYLE = Automatic;
				CURRENT_PROJECT_VERSION = 1;
				DEVELOPMENT_ASSET_PATHS = "\"Ex16_StateBinding/Preview Content\"";
				ENABLE_PREVIEWS = YES;
				GENERATE_INFOPLIST_FILE = YES;
				"INFOPLIST_KEY_UIApplicationSceneManifest_Generation[sdk=iphoneos*]" = YES;
				"INFOPLIST_KEY_UIApplicationSceneManifest_Generation[sdk=iphonesimulator*]" = YES;
				"INFOPLIST_KEY_UIApplicationSupportsIndirectInputEvents[sdk=iphoneos*]" = YES;
				"INFOPLIST_KEY_UIApplicationSupportsIndirectInputEvents[sdk=iphonesimulator*]" = YES;
				"INFOPLIST_KEY_UILaunchScreen_Generation[sdk=iphoneos*]" = YES;
				"INFOPLIST_KEY_UILaunchScreen_Generation[sdk=iphonesimulator*]" = YES;
				"INFOPLIST_KEY_UIStatusBarStyle[sdk=iphoneos*]" = UIStatusBarStyleDefault;
				"INFOPLIST_KEY_UIStatusBarStyle[sdk=iphonesimulator*]" = UIStatusBarStyleDefault;
				INFOPLIST_KEY_UISupportedInterfaceOrientations_iPad = "UIInterfaceOrientationPortrait UIInterfaceOrientationPortraitUpsideDown UIInterfaceOrientationLandscapeLeft UIInterfaceOrientationLandscapeRight";
				INFOPLIST_KEY_UISupportedInterfaceOrientations_iPhone = "UIInterfaceOrientationPortrait UIInterfaceOrientationLandscapeLeft UIInterfaceOrientationLandscapeRight";
				IPHONEOS_DEPLOYMENT_TARGET = 16.2;
				LD_RUNPATH_SEARCH_PATHS = "@executable_path/Frameworks";
				"LD_RUNPATH_SEARCH_PATHS[sdk=macosx*]" = "@executable_path/../Frameworks";
				MACOSX_DEPLOYMENT_TARGET = 13.0;
				MARKETING_VERSION = 1.0;
				PRODUCT_BUNDLE_IDENTIFIER = "jo.Ex16-StateBinding";
				PRODUCT_NAME = "$(TARGET_NAME)";
				SDKROOT = auto;
				SUPPORTED_PLATFORMS = "iphoneos iphonesimulator macosx";
				SWIFT_EMIT_LOC_STRINGS = YES;
				SWIFT_VERSION = 5.0;
				TARGETED_DEVICE_FAMILY = "1,2";
			};
			name = Debug;
		};
		6589A58329723CDC00DEA56B /* Release */ = {
			isa = XCBuildConfiguration;
			buildSettings = {
				ASSETCATALOG_COMPILER_APPICON_NAME = AppIcon;
				ASSETCATALOG_COMPILER_GLOBAL_ACCENT_COLOR_NAME = AccentColor;
				CODE_SIGN_ENTITLEMENTS = Ex16_StateBinding/Ex16_StateBinding.entitlements;
				CODE_SIGN_STYLE = Automatic;
				CURRENT_PROJECT_VERSION = 1;
				DEVELOPMENT_ASSET_PATHS = "\"Ex16_StateBinding/Preview Content\"";
				ENABLE_PREVIEWS = YES;
				GENERATE_INFOPLIST_FILE = YES;
				"INFOPLIST_KEY_UIApplicationSceneManifest_Generation[sdk=iphoneos*]" = YES;
				"INFOPLIST_KEY_UIApplicationSceneManifest_Generation[sdk=iphonesimulator*]" = YES;
				"INFOPLIST_KEY_UIApplicationSupportsIndirectInputEvents[sdk=iphoneos*]" = YES;
				"INFOPLIST_KEY_UIApplicationSupportsIndirectInputEvents[sdk=iphonesimulator*]" = YES;
				"INFOPLIST_KEY_UILaunchScreen_Generation[sdk=iphoneos*]" = YES;
				"INFOPLIST_KEY_UILaunchScreen_Generation[sdk=iphonesimulator*]" = YES;
				"INFOPLIST_KEY_UIStatusBarStyle[sdk=iphoneos*]" = UIStatusBarStyleDefault;
				"INFOPLIST_KEY_UIStatusBarStyle[sdk=iphonesimulator*]" = UIStatusBarStyleDefault;
				INFOPLIST_KEY_UISupportedInterfaceOrientations_iPad = "UIInterfaceOrientationPortrait UIInterfaceOrientationPortraitUpsideDown UIInterfaceOrientationLandscapeLeft UIInterfaceOrientationLandscapeRight";
				INFOPLIST_KEY_UISupportedInterfaceOrientations_iPhone = "UIInterfaceOrientationPortrait UIInterfaceOrientationLandscapeLeft UIInterfaceOrientationLandscapeRight";
				IPHONEOS_DEPLOYMENT_TARGET = 16.2;
				LD_RUNPATH_SEARCH_PATHS = "@executable_path/Frameworks";
				"LD_RUNPATH_SEARCH_PATHS[sdk=macosx*]" = "@executable_path/../Frameworks";
				MACOSX_DEPLOYMENT_TARGET = 13.0;
				MARKETING_VERSION = 1.0;
				PRODUCT_BUNDLE_IDENTIFIER = "jo.Ex16-StateBinding";
				PRODUCT_NAME = "$(TARGET_NAME)";
				SDKROOT = auto;
				SUPPORTED_PLATFORMS = "iphoneos iphonesimulator macosx";
				SWIFT_EMIT_LOC_STRINGS = YES;
				SWIFT_VERSION = 5.0;
				TARGETED_DEVICE_FAMILY = "1,2";
			};
			name = Release;
		};
		6589A58529723CDC00DEA56B /* Debug */ = {
			isa = XCBuildConfiguration;
			buildSettings = {
				ALWAYS_EMBED_SWIFT_STANDARD_LIBRARIES = YES;
				BUNDLE_LOADER = "$(TEST_HOST)";
				CODE_SIGN_STYLE = Automatic;
				CURRENT_PROJECT_VERSION = 1;
				GENERATE_INFOPLIST_FILE = YES;
				IPHONEOS_DEPLOYMENT_TARGET = 16.2;
				MACOSX_DEPLOYMENT_TARGET = 13.0;
				MARKETING_VERSION = 1.0;
				PRODUCT_BUNDLE_IDENTIFIER = "jo.Ex16-StateBindingTests";
				PRODUCT_NAME = "$(TARGET_NAME)";
				SDKROOT = auto;
				SUPPORTED_PLATFORMS = "iphoneos iphonesimulator macosx";
				SWIFT_EMIT_LOC_STRINGS = NO;
				SWIFT_VERSION = 5.0;
				TARGETED_DEVICE_FAMILY = "1,2";
				TEST_HOST = "$(BUILT_PRODUCTS_DIR)/Ex16_StateBinding.app/$(BUNDLE_EXECUTABLE_FOLDER_PATH)/Ex16_StateBinding";
			};
			name = Debug;
		};
		6589A58629723CDC00DEA56B /* Release */ = {
			isa = XCBuildConfiguration;
			buildSettings = {
				ALWAYS_EMBED_SWIFT_STANDARD_LIBRARIES = YES;
				BUNDLE_LOADER = "$(TEST_HOST)";
				CODE_SIGN_STYLE = Automatic;
				CURRENT_PROJECT_VERSION = 1;
				GENERATE_INFOPLIST_FILE = YES;
				IPHONEOS_DEPLOYMENT_TARGET = 16.2;
				MACOSX_DEPLOYMENT_TARGET = 13.0;
				MARKETING_VERSION = 1.0;
				PRODUCT_BUNDLE_IDENTIFIER = "jo.Ex16-StateBindingTests";
				PRODUCT_NAME = "$(TARGET_NAME)";
				SDKROOT = auto;
				SUPPORTED_PLATFORMS = "iphoneos iphonesimulator macosx";
				SWIFT_EMIT_LOC_STRINGS = NO;
				SWIFT_VERSION = 5.0;
				TARGETED_DEVICE_FAMILY = "1,2";
				TEST_HOST = "$(BUILT_PRODUCTS_DIR)/Ex16_StateBinding.app/$(BUNDLE_EXECUTABLE_FOLDER_PATH)/Ex16_StateBinding";
			};
			name = Release;
		};
		6589A58829723CDC00DEA56B /* Debug */ = {
			isa = XCBuildConfiguration;
			buildSettings = {
				ALWAYS_EMBED_SWIFT_STANDARD_LIBRARIES = YES;
				CODE_SIGN_STYLE = Automatic;
				CURRENT_PROJECT_VERSION = 1;
				GENERATE_INFOPLIST_FILE = YES;
				IPHONEOS_DEPLOYMENT_TARGET = 16.2;
				MACOSX_DEPLOYMENT_TARGET = 13.0;
				MARKETING_VERSION = 1.0;
				PRODUCT_BUNDLE_IDENTIFIER = "jo.Ex16-StateBindingUITests";
				PRODUCT_NAME = "$(TARGET_NAME)";
				SDKROOT = auto;
				SUPPORTED_PLATFORMS = "iphoneos iphonesimulator macosx";
				SWIFT_EMIT_LOC_STRINGS = NO;
				SWIFT_VERSION = 5.0;
				TARGETED_DEVICE_FAMILY = "1,2";
				TEST_TARGET_NAME = Ex16_StateBinding;
			};
			name = Debug;
		};
		6589A58929723CDC00DEA56B /* Release */ = {
			isa = XCBuildConfiguration;
			buildSettings = {
				ALWAYS_EMBED_SWIFT_STANDARD_LIBRARIES = YES;
				CODE_SIGN_STYLE = Automatic;
				CURRENT_PROJECT_VERSION = 1;
				GENERATE_INFOPLIST_FILE = YES;
				IPHONEOS_DEPLOYMENT_TARGET = 16.2;
				MACOSX_DEPLOYMENT_TARGET = 13.0;
				MARKETING_VERSION = 1.0;
				PRODUCT_BUNDLE_IDENTIFIER = "jo.Ex16-StateBindingUITests";
				PRODUCT_NAME = "$(TARGET_NAME)";
				SDKROOT = auto;
				SUPPORTED_PLATFORMS = "iphoneos iphonesimulator macosx";
				SWIFT_EMIT_LOC_STRINGS = NO;
				SWIFT_VERSION = 5.0;
				TARGETED_DEVICE_FAMILY = "1,2";
				TEST_TARGET_NAME = Ex16_StateBinding;
			};
			name = Release;
		};
/* End XCBuildConfiguration section */

/* Begin XCConfigurationList section */
		6589A55729723CD300DEA56B /* Build configuration list for PBXProject "Ex16_StateBinding" */ = {
			isa = XCConfigurationList;
			buildConfigurations = (
				6589A57F29723CDC00DEA56B /* Debug */,
				6589A58029723CDC00DEA56B /* Release */,
			);
			defaultConfigurationIsVisible = 0;
			defaultConfigurationName = Release;
		};
		6589A58129723CDC00DEA56B /* Build configuration list for PBXNativeTarget "Ex16_StateBinding" */ = {
			isa = XCConfigurationList;
			buildConfigurations = (
				6589A58229723CDC00DEA56B /* Debug */,
				6589A58329723CDC00DEA56B /* Release */,
			);
			defaultConfigurationIsVisible = 0;
			defaultConfigurationName = Release;
		};
		6589A58429723CDC00DEA56B /* Build configuration list for PBXNativeTarget "Ex16_StateBindingTests" */ = {
			isa = XCConfigurationList;
			buildConfigurations = (
				6589A58529723CDC00DEA56B /* Debug */,
				6589A58629723CDC00DEA56B /* Release */,
			);
			defaultConfigurationIsVisible = 0;
			defaultConfigurationName = Release;
		};
		6589A58729723CDC00DEA56B /* Build configuration list for PBXNativeTarget "Ex16_StateBindingUITests" */ = {
			isa = XCConfigurationList;
			buildConfigurations = (
				6589A58829723CDC00DEA56B /* Debug */,
				6589A58929723CDC00DEA56B /* Release */,
			);
			defaultConfigurationIsVisible = 0;
			defaultConfigurationName = Release;
		};
/* End XCConfigurationList section */
	};
	rootObject = 6589A55429723CD300DEA56B /* Project object */;
}
